
Microsoft Visual Studio Solution File, Format Version 12.00
# Visual Studio Version 17
VisualStudioVersion = 17.0.31314.256
MinimumVisualStudioVersion = 10.0.40219.1
Project("{2150E333-8FDC-42A3-9474-1A3956D46DE8}") = "Automation", "Automation", "{0BFBE63A-B98A-3411-8EEB-8918FEC737B3}"
EndProject
Project("{2150E333-8FDC-42A3-9474-1A3956D46DE8}") = "Engine", "Engine", "{233774A8-CC9D-3FA9-86D1-90573E92B704}"
EndProject
Project("{2150E333-8FDC-42A3-9474-1A3956D46DE8}") = "Games", "Games", "{DE1F8B53-6C02-3C13-9101-A7C8D96F3FF6}"
EndProject
Project("{2150E333-8FDC-42A3-9474-1A3956D46DE8}") = "Programs", "Programs", "{A338B9E2-A559-34BE-A46D-F789DD488FAD}"
EndProject
Project("{2150E333-8FDC-42A3-9474-1A3956D46DE8}") = "Rules", "Rules", "{C2F57ECE-B26F-39D8-BDA7-C1D40BD8F180}"
EndProject
Project("{2150E333-8FDC-42A3-9474-1A3956D46DE8}") = "Shared", "Shared", "{57713676-9DBE-331C-AD10-26632AC9EE0C}"
EndProject
Project("{2150E333-8FDC-42A3-9474-1A3956D46DE8}") = "UnrealBuildTool.Plugins", "UnrealBuildTool.Plugins", "{7B5CFB44-F0FB-31DF-AE62-C3C096A29A7B}"
EndProject
Project("{8BC9CEB8-8B4A-11D0-8D11-00A0C91BC942}") = "UE5", "Intermediate\ProjectFiles\UE5.vcxproj", "{38463D8F-522C-3909-A933-93804F863E48}"
EndProject
Project("{8BC9CEB8-8B4A-11D0-8D11-00A0C91BC942}") = "ArkanoidDemo", "Intermediate\ProjectFiles\ArkanoidDemo.vcxproj", "{BEEF2A4E-DF50-335A-8BF0-3BF24076EF46}"
	ProjectSection(ProjectDependencies) = postProject
		{17E6F387-71F0-355D-88F8-1072CA7F1231} = {17E6F387-71F0-355D-88F8-1072CA7F1231}
	EndProjectSection
EndProject
Project("{FAE04EC0-301F-11D3-BF4B-00C04F79EFBC}") = "UnrealBuildTool", "C:\Epic Games\UE_5.3\Engine\Source\Programs\UnrealBuildTool\UnrealBuildTool.csproj", "{17E6F387-71F0-355D-88F8-1072CA7F1231}"
EndProject
Project("{FAE04EC0-301F-11D3-BF4B-00C04F79EFBC}") = "AutomationTool", "C:\Epic Games\UE_5.3\Engine\Source\Programs\AutomationTool\AutomationTool.csproj", "{F0CD2F3F-3BFB-39A4-B268-46CAF1A0BEC3}"
EndProject
Project("{FAE04EC0-301F-11D3-BF4B-00C04F79EFBC}") = "Android.Automation", "C:\Epic Games\UE_5.3\Engine\Source\Programs\AutomationTool\Android\Android.Automation.csproj", "{49DCF492-AD3E-37E1-AE8D-8D5A32D49AFA}"
EndProject
Project("{FAE04EC0-301F-11D3-BF4B-00C04F79EFBC}") = "Apple.Automation", "C:\Epic Games\UE_5.3\Engine\Source\Programs\AutomationTool\Apple\Apple.Automation.csproj", "{F6334296-6488-3675-B09F-29E5A197FDB1}"
EndProject
Project("{FAE04EC0-301F-11D3-BF4B-00C04F79EFBC}") = "AutomationUtils.Automation", "C:\Epic Games\UE_5.3\Engine\Source\Programs\AutomationTool\AutomationUtils\AutomationUtils.Automation.csproj", "{F9696E96-7CC6-3ABA-828A-1129A13D62C2}"
EndProject
Project("{FAE04EC0-301F-11D3-BF4B-00C04F79EFBC}") = "BuildGraph.Automation", "C:\Epic Games\UE_5.3\Engine\Source\Programs\AutomationTool\BuildGraph\BuildGraph.Automation.csproj", "{228A09D2-972A-3D9C-972C-81A1F6BF9086}"
EndProject
Project("{FAE04EC0-301F-11D3-BF4B-00C04F79EFBC}") = "CookedEditor.Automation", "C:\Epic Games\UE_5.3\Engine\Source\Programs\AutomationTool\CookedEditor\CookedEditor.Automation.csproj", "{D0C72B25-9C93-3AB9-BCDD-33027BB0C462}"
EndProject
Project("{FAE04EC0-301F-11D3-BF4B-00C04F79EFBC}") = "CrowdinLocalization.Automation", "C:\Epic Games\UE_5.3\Engine\Source\Programs\AutomationTool\CrowdinLocalization\CrowdinLocalization.Automation.csproj", "{CBD945D2-A4BC-313D-A16E-2FEF8E171FD3}"
EndProject
Project("{FAE04EC0-301F-11D3-BF4B-00C04F79EFBC}") = "Gauntlet.Automation", "C:\Epic Games\UE_5.3\Engine\Source\Programs\AutomationTool\Gauntlet\Gauntlet.Automation.csproj", "{45F3FB24-4F7D-32A9-B985-0B12438218C2}"
EndProject
Project("{FAE04EC0-301F-11D3-BF4B-00C04F79EFBC}") = "IOS.Automation", "C:\Epic Games\UE_5.3\Engine\Source\Programs\AutomationTool\IOS\IOS.Automation.csproj", "{75D04D25-C864-336A-8DFC-C9EB4AAC58EF}"
EndProject
Project("{FAE04EC0-301F-11D3-BF4B-00C04F79EFBC}") = "Linux.Automation", "C:\Epic Games\UE_5.3\Engine\Source\Programs\AutomationTool\Linux\Linux.Automation.csproj", "{00AB1E68-F622-3AD5-AF43-2FD186440A60}"
EndProject
Project("{FAE04EC0-301F-11D3-BF4B-00C04F79EFBC}") = "Localization.Automation", "C:\Epic Games\UE_5.3\Engine\Source\Programs\AutomationTool\Localization\Localization.Automation.csproj", "{E418CC8F-5FE8-3F51-9C20-9594FE745810}"
EndProject
Project("{FAE04EC0-301F-11D3-BF4B-00C04F79EFBC}") = "LowLevelTests.Automation", "C:\Epic Games\UE_5.3\Engine\Source\Programs\AutomationTool\LowLevelTests\LowLevelTests.Automation.csproj", "{22A50255-8DEE-39AA-ACB0-34D15BB4ABCB}"
EndProject
Project("{FAE04EC0-301F-11D3-BF4B-00C04F79EFBC}") = "Mac.Automation", "C:\Epic Games\UE_5.3\Engine\Source\Programs\AutomationTool\Mac\Mac.Automation.csproj", "{1815F547-B49E-33A2-A469-8788F4ACAF50}"
EndProject
Project("{FAE04EC0-301F-11D3-BF4B-00C04F79EFBC}") = "OneSkyLocalization.Automation", "C:\Epic Games\UE_5.3\Engine\Source\Programs\AutomationTool\OneSkyLocalization\OneSkyLocalization.Automation.csproj", "{F75B36AD-AB0F-39C2-892C-F0A088EE5FED}"
EndProject
Project("{FAE04EC0-301F-11D3-BF4B-00C04F79EFBC}") = "AutomationScripts.Automation", "C:\Epic Games\UE_5.3\Engine\Source\Programs\AutomationTool\Scripts\AutomationScripts.Automation.csproj", "{4C511CA2-A00D-3938-AB5F-85266E06D21C}"
EndProject
Project("{FAE04EC0-301F-11D3-BF4B-00C04F79EFBC}") = "SmartlingLocalization.Automation", "C:\Epic Games\UE_5.3\Engine\Source\Programs\AutomationTool\SmartlingLocalization\SmartlingLocalization.Automation.csproj", "{3CDC9688-BC2D-3C85-890E-E42CC8964DF3}"
EndProject
Project("{FAE04EC0-301F-11D3-BF4B-00C04F79EFBC}") = "SteamDeck.Automation", "C:\Epic Games\UE_5.3\Engine\Source\Programs\AutomationTool\SteamDeck\SteamDeck.Automation.csproj", "{4B9308E5-AD14-3636-8080-EE103A6F39C2}"
EndProject
Project("{FAE04EC0-301F-11D3-BF4B-00C04F79EFBC}") = "TVOS.Automation", "C:\Epic Games\UE_5.3\Engine\Source\Programs\AutomationTool\TVOS\TVOS.Automation.csproj", "{D9090B9D-6510-3581-8C85-E5F84FD585D1}"
EndProject
Project("{FAE04EC0-301F-11D3-BF4B-00C04F79EFBC}") = "Turnkey.Automation", "C:\Epic Games\UE_5.3\Engine\Source\Programs\AutomationTool\Turnkey\Turnkey.Automation.csproj", "{886E9F55-2603-3FC6-AB80-4172BBC033EB}"
EndProject
Project("{FAE04EC0-301F-11D3-BF4B-00C04F79EFBC}") = "Win.Automation", "C:\Epic Games\UE_5.3\Engine\Source\Programs\AutomationTool\Win\Win.Automation.csproj", "{931F7209-263B-313A-B260-3906107E9CE5}"
EndProject
Project("{FAE04EC0-301F-11D3-BF4B-00C04F79EFBC}") = "XLocLocalization.Automation", "C:\Epic Games\UE_5.3\Engine\Source\Programs\AutomationTool\XLocLocalization\XLocLocalization.Automation.csproj", "{110ECF6A-B21F-35DD-A7F2-AE668DA611F4}"
EndProject
Project("{FAE04EC0-301F-11D3-BF4B-00C04F79EFBC}") = "ScriptGeneratorUbtPlugin.ubtplugin", "C:\Epic Games\UE_5.3\Engine\Plugins\ScriptPlugin\Source\ScriptGeneratorUbtPlugin\ScriptGeneratorUbtPlugin.ubtplugin.csproj", "{FB82215D-8C14-3A00-B435-3E26EF2C386D}"
EndProject
Project("{FAE04EC0-301F-11D3-BF4B-00C04F79EFBC}") = "EpicGames.AspNet", "C:\Epic Games\UE_5.3\Engine\Source\Programs\Shared\EpicGames.AspNet\EpicGames.AspNet.csproj", "{21EC9403-94C1-3AD1-9D8F-6FEFBFA87489}"
EndProject
Project("{FAE04EC0-301F-11D3-BF4B-00C04F79EFBC}") = "EpicGames.Box", "C:\Epic Games\UE_5.3\Engine\Source\Programs\Shared\EpicGames.Box\EpicGames.Box.csproj", "{DD57475C-499D-3DF8-90AE-432E1FC03F02}"
EndProject
Project("{FAE04EC0-301F-11D3-BF4B-00C04F79EFBC}") = "EpicGames.Build", "C:\Epic Games\UE_5.3\Engine\Source\Programs\Shared\EpicGames.Build\EpicGames.Build.csproj", "{2B4D22F7-74FD-3F71-B3CF-389C02FA04F5}"
EndProject
Project("{FAE04EC0-301F-11D3-BF4B-00C04F79EFBC}") = "EpicGames.BuildGraph", "C:\Epic Games\UE_5.3\Engine\Source\Programs\Shared\EpicGames.BuildGraph\EpicGames.BuildGraph.csproj", "{CB3AFC8C-46C7-3852-B002-7D8FCAB5DF21}"
EndProject
Project("{FAE04EC0-301F-11D3-BF4B-00C04F79EFBC}") = "EpicGames.Core", "C:\Epic Games\UE_5.3\Engine\Source\Programs\Shared\EpicGames.Core\EpicGames.Core.csproj", "{0E0A4563-8EAE-3097-9CE9-047FA82EBA5B}"
EndProject
Project("{FAE04EC0-301F-11D3-BF4B-00C04F79EFBC}") = "EpicGames.Horde", "C:\Epic Games\UE_5.3\Engine\Source\Programs\Shared\EpicGames.Horde\EpicGames.Horde.csproj", "{B6D1F6AF-1052-3B75-873A-A2B64061FE9D}"
EndProject
Project("{FAE04EC0-301F-11D3-BF4B-00C04F79EFBC}") = "EpicGames.IoHash", "C:\Epic Games\UE_5.3\Engine\Source\Programs\Shared\EpicGames.IoHash\EpicGames.IoHash.csproj", "{21D572CF-D48B-3B75-9007-F4BE43698E82}"
EndProject
Project("{FAE04EC0-301F-11D3-BF4B-00C04F79EFBC}") = "EpicGames.Jupiter", "C:\Epic Games\UE_5.3\Engine\Source\Programs\Shared\EpicGames.Jupiter\EpicGames.Jupiter.csproj", "{94CD8318-61C9-3FB2-95A2-637AE78D210B}"
EndProject
Project("{FAE04EC0-301F-11D3-BF4B-00C04F79EFBC}") = "EpicGames.MongoDB", "C:\Epic Games\UE_5.3\Engine\Source\Programs\Shared\EpicGames.MongoDB\EpicGames.MongoDB.csproj", "{FF392C76-DC1E-3E7A-AE18-F2656F7ACC4F}"
EndProject
Project("{FAE04EC0-301F-11D3-BF4B-00C04F79EFBC}") = "EpicGames.MsBuild", "C:\Epic Games\UE_5.3\Engine\Source\Programs\Shared\EpicGames.MsBuild\EpicGames.MsBuild.csproj", "{273617CE-1719-3ECF-A55D-3CB748C16414}"
EndProject
Project("{FAE04EC0-301F-11D3-BF4B-00C04F79EFBC}") = "EpicGames.OIDC", "C:\Epic Games\UE_5.3\Engine\Source\Programs\Shared\EpicGames.OIDC\EpicGames.OIDC.csproj", "{9718FF90-20B5-3419-A8D0-41107606DCA4}"
EndProject
Project("{FAE04EC0-301F-11D3-BF4B-00C04F79EFBC}") = "EpicGames.Oodle", "C:\Epic Games\UE_5.3\Engine\Source\Programs\Shared\EpicGames.Oodle\EpicGames.Oodle.csproj", "{829E5A0D-5EBB-370E-AD8B-F029AA4C8C98}"
EndProject
Project("{FAE04EC0-301F-11D3-BF4B-00C04F79EFBC}") = "EpicGames.Perforce", "C:\Epic Games\UE_5.3\Engine\Source\Programs\Shared\EpicGames.Perforce\EpicGames.Perforce.csproj", "{96BB9541-7643-3893-B959-AB36B8FD9355}"
EndProject
Project("{FAE04EC0-301F-11D3-BF4B-00C04F79EFBC}") = "EpicGames.Perforce.Fixture", "C:\Epic Games\UE_5.3\Engine\Source\Programs\Shared\EpicGames.Perforce.Fixture\EpicGames.Perforce.Fixture.csproj", "{8DD4F490-9A63-3CB9-99AF-392C02F027E9}"
EndProject
Project("{FAE04EC0-301F-11D3-BF4B-00C04F79EFBC}") = "EpicGames.Perforce.Managed", "C:\Epic Games\UE_5.3\Engine\Source\Programs\Shared\EpicGames.Perforce.Managed\EpicGames.Perforce.Managed.csproj", "{C9C5D15A-7110-3CE3-91EF-EDBB99CB0F09}"
EndProject
Project("{FAE04EC0-301F-11D3-BF4B-00C04F79EFBC}") = "EpicGames.Redis", "C:\Epic Games\UE_5.3\Engine\Source\Programs\Shared\EpicGames.Redis\EpicGames.Redis.csproj", "{5B99BDCF-92A5-3D09-84D1-B4995D840B23}"
EndProject
Project("{FAE04EC0-301F-11D3-BF4B-00C04F79EFBC}") = "EpicGames.Serialization", "C:\Epic Games\UE_5.3\Engine\Source\Programs\Shared\EpicGames.Serialization\EpicGames.Serialization.csproj", "{469988F8-7799-3DDE-BE09-7399E63A0B0B}"
EndProject
Project("{FAE04EC0-301F-11D3-BF4B-00C04F79EFBC}") = "EpicGames.Slack", "C:\Epic Games\UE_5.3\Engine\Source\Programs\Shared\EpicGames.Slack\EpicGames.Slack.csproj", "{908A71A7-7D12-38A1-944E-FAD5291AB759}"
EndProject
Project("{FAE04EC0-301F-11D3-BF4B-00C04F79EFBC}") = "EpicGames.Tracing", "C:\Epic Games\UE_5.3\Engine\Source\Programs\Shared\EpicGames.Tracing\EpicGames.Tracing.csproj", "{3F7852FF-57FB-39AC-8FE1-CA22376003DD}"
EndProject
Project("{FAE04EC0-301F-11D3-BF4B-00C04F79EFBC}") = "EpicGames.UHT", "C:\Epic Games\UE_5.3\Engine\Source\Programs\Shared\EpicGames.UHT\EpicGames.UHT.csproj", "{E1CE2C43-96D6-36CF-908C-7F4E606C0D42}"
EndProject
Project("{FAE04EC0-301F-11D3-BF4B-00C04F79EFBC}") = "MarketplaceRules", "C:\Epic Games\UE_5.3\Engine\Intermediate\Build\BuildRulesProjects\MarketplaceRules\MarketplaceRules.csproj", "{D775EF9C-C177-3BDA-8A91-83F0810A2A5C}"
EndProject
Project("{FAE04EC0-301F-11D3-BF4B-00C04F79EFBC}") = "UE5ProgramRules", "C:\Epic Games\UE_5.3\Engine\Intermediate\Build\BuildRulesProjects\UE5ProgramRules\UE5ProgramRules.csproj", "{1C9DC6A7-C874-3817-9DD9-AEC83E2D6E91}"
EndProject
Project("{FAE04EC0-301F-11D3-BF4B-00C04F79EFBC}") = "UE5Rules", "C:\Epic Games\UE_5.3\Engine\Intermediate\Build\BuildRulesProjects\UE5Rules\UE5Rules.csproj", "{D59D6E17-105A-3A9D-854E-BB750D75F150}"
EndProject
Project("{FAE04EC0-301F-11D3-BF4B-00C04F79EFBC}") = "ArkanoidDemoModuleRules", "Intermediate\Build\BuildRulesProjects\ArkanoidDemoModuleRules\ArkanoidDemoModuleRules.csproj", "{E650B8E0-0AFB-3DB2-B20F-F4FABDF65631}"
EndProject
Project("{2150E333-8FDC-42A3-9474-1A3956D46DE8}") = "Visualizers", "Visualizers", "{1CCEC849-CC72-4C59-8C36-2F7C38706D4C}"
	ProjectSection(SolutionItems) = preProject
		C:\Epic Games\UE_5.3\Engine\Extras\VisualStudioDebugging\Unreal.natvis = C:\Epic Games\UE_5.3\Engine\Extras\VisualStudioDebugging\Unreal.natvis
		C:\Epic Games\UE_5.3\Engine\Extras\VisualStudioDebugging\Unreal.natstepfilter = C:\Epic Games\UE_5.3\Engine\Extras\VisualStudioDebugging\Unreal.natstepfilter
	EndProjectSection
EndProject
Global
	GlobalSection(SolutionConfigurationPlatforms) = preSolution
		DebugGame Editor|Win64 = DebugGame Editor|Win64
		DebugGame|Win64 = DebugGame|Win64
		Development Editor|Win64 = Development Editor|Win64
		Development|Win64 = Development|Win64
		Shipping|Win64 = Shipping|Win64
	EndGlobalSection
	# UnrealVS Section
	GlobalSection(ddbf523f-7eb6-4887-bd51-85a714ff87eb) = preSolution
		AvailablePlatforms=Win64
	EndGlobalSection
	GlobalSection(ProjectConfigurationPlatforms) = postSolution
		{38463D8F-522C-3909-A933-93804F863E48}.DebugGame Editor|Win64.ActiveCfg = BuiltWithUnrealBuildTool|Win64
		{38463D8F-522C-3909-A933-93804F863E48}.DebugGame|Win64.ActiveCfg = BuiltWithUnrealBuildTool|Win64
		{38463D8F-522C-3909-A933-93804F863E48}.Development Editor|Win64.ActiveCfg = BuiltWithUnrealBuildTool|Win64
		{38463D8F-522C-3909-A933-93804F863E48}.Development|Win64.ActiveCfg = BuiltWithUnrealBuildTool|Win64
		{38463D8F-522C-3909-A933-93804F863E48}.Shipping|Win64.ActiveCfg = BuiltWithUnrealBuildTool|Win64
		{BEEF2A4E-DF50-335A-8BF0-3BF24076EF46}.DebugGame Editor|Win64.ActiveCfg = DebugGame_Editor|x64
		{BEEF2A4E-DF50-335A-8BF0-3BF24076EF46}.DebugGame Editor|Win64.Build.0 = DebugGame_Editor|x64
		{BEEF2A4E-DF50-335A-8BF0-3BF24076EF46}.DebugGame|Win64.ActiveCfg = DebugGame|x64
		{BEEF2A4E-DF50-335A-8BF0-3BF24076EF46}.DebugGame|Win64.Build.0 = DebugGame|x64
		{BEEF2A4E-DF50-335A-8BF0-3BF24076EF46}.Development Editor|Win64.ActiveCfg = Development_Editor|x64
		{BEEF2A4E-DF50-335A-8BF0-3BF24076EF46}.Development Editor|Win64.Build.0 = Development_Editor|x64
		{BEEF2A4E-DF50-335A-8BF0-3BF24076EF46}.Development|Win64.ActiveCfg = Development|x64
		{BEEF2A4E-DF50-335A-8BF0-3BF24076EF46}.Development|Win64.Build.0 = Development|x64
		{BEEF2A4E-DF50-335A-8BF0-3BF24076EF46}.Shipping|Win64.ActiveCfg = Shipping|x64
		{BEEF2A4E-DF50-335A-8BF0-3BF24076EF46}.Shipping|Win64.Build.0 = Shipping|x64
		{17E6F387-71F0-355D-88F8-1072CA7F1231}.DebugGame Editor|Win64.ActiveCfg = Development|Any CPU
		{17E6F387-71F0-355D-88F8-1072CA7F1231}.DebugGame Editor|Win64.Build.0 = Development|Any CPU
		{17E6F387-71F0-355D-88F8-1072CA7F1231}.DebugGame|Win64.ActiveCfg = Development|Any CPU
		{17E6F387-71F0-355D-88F8-1072CA7F1231}.DebugGame|Win64.Build.0 = Development|Any CPU
		{17E6F387-71F0-355D-88F8-1072CA7F1231}.Development Editor|Win64.ActiveCfg = Development|Any CPU
		{17E6F387-71F0-355D-88F8-1072CA7F1231}.Development Editor|Win64.Build.0 = Development|Any CPU
		{17E6F387-71F0-355D-88F8-1072CA7F1231}.Development|Win64.ActiveCfg = Development|Any CPU
		{17E6F387-71F0-355D-88F8-1072CA7F1231}.Development|Win64.Build.0 = Development|Any CPU
		{17E6F387-71F0-355D-88F8-1072CA7F1231}.Shipping|Win64.ActiveCfg = Development|Any CPU
		{17E6F387-71F0-355D-88F8-1072CA7F1231}.Shipping|Win64.Build.0 = Development|Any CPU
		{F0CD2F3F-3BFB-39A4-B268-46CAF1A0BEC3}.DebugGame Editor|Win64.ActiveCfg = Development|Any CPU
		{F0CD2F3F-3BFB-39A4-B268-46CAF1A0BEC3}.DebugGame Editor|Win64.Build.0 = Development|Any CPU
		{F0CD2F3F-3BFB-39A4-B268-46CAF1A0BEC3}.DebugGame|Win64.ActiveCfg = Development|Any CPU
		{F0CD2F3F-3BFB-39A4-B268-46CAF1A0BEC3}.DebugGame|Win64.Build.0 = Development|Any CPU
		{F0CD2F3F-3BFB-39A4-B268-46CAF1A0BEC3}.Development Editor|Win64.ActiveCfg = Development|Any CPU
		{F0CD2F3F-3BFB-39A4-B268-46CAF1A0BEC3}.Development Editor|Win64.Build.0 = Development|Any CPU
		{F0CD2F3F-3BFB-39A4-B268-46CAF1A0BEC3}.Development|Win64.ActiveCfg = Development|Any CPU
		{F0CD2F3F-3BFB-39A4-B268-46CAF1A0BEC3}.Development|Win64.Build.0 = Development|Any CPU
		{F0CD2F3F-3BFB-39A4-B268-46CAF1A0BEC3}.Shipping|Win64.ActiveCfg = Development|Any CPU
		{F0CD2F3F-3BFB-39A4-B268-46CAF1A0BEC3}.Shipping|Win64.Build.0 = Development|Any CPU
		{49DCF492-AD3E-37E1-AE8D-8D5A32D49AFA}.DebugGame Editor|Win64.ActiveCfg = Development|Any CPU
		{49DCF492-AD3E-37E1-AE8D-8D5A32D49AFA}.DebugGame Editor|Win64.Build.0 = Development|Any CPU
		{49DCF492-AD3E-37E1-AE8D-8D5A32D49AFA}.DebugGame|Win64.ActiveCfg = Development|Any CPU
		{49DCF492-AD3E-37E1-AE8D-8D5A32D49AFA}.DebugGame|Win64.Build.0 = Development|Any CPU
		{49DCF492-AD3E-37E1-AE8D-8D5A32D49AFA}.Development Editor|Win64.ActiveCfg = Development|Any CPU
		{49DCF492-AD3E-37E1-AE8D-8D5A32D49AFA}.Development Editor|Win64.Build.0 = Development|Any CPU
		{49DCF492-AD3E-37E1-AE8D-8D5A32D49AFA}.Development|Win64.ActiveCfg = Development|Any CPU
		{49DCF492-AD3E-37E1-AE8D-8D5A32D49AFA}.Development|Win64.Build.0 = Development|Any CPU
		{49DCF492-AD3E-37E1-AE8D-8D5A32D49AFA}.Shipping|Win64.ActiveCfg = Development|Any CPU
		{49DCF492-AD3E-37E1-AE8D-8D5A32D49AFA}.Shipping|Win64.Build.0 = Development|Any CPU
		{F6334296-6488-3675-B09F-29E5A197FDB1}.DebugGame Editor|Win64.ActiveCfg = Development|Any CPU
		{F6334296-6488-3675-B09F-29E5A197FDB1}.DebugGame Editor|Win64.Build.0 = Development|Any CPU
		{F6334296-6488-3675-B09F-29E5A197FDB1}.DebugGame|Win64.ActiveCfg = Development|Any CPU
		{F6334296-6488-3675-B09F-29E5A197FDB1}.DebugGame|Win64.Build.0 = Development|Any CPU
		{F6334296-6488-3675-B09F-29E5A197FDB1}.Development Editor|Win64.ActiveCfg = Development|Any CPU
		{F6334296-6488-3675-B09F-29E5A197FDB1}.Development Editor|Win64.Build.0 = Development|Any CPU
		{F6334296-6488-3675-B09F-29E5A197FDB1}.Development|Win64.ActiveCfg = Development|Any CPU
		{F6334296-6488-3675-B09F-29E5A197FDB1}.Development|Win64.Build.0 = Development|Any CPU
		{F6334296-6488-3675-B09F-29E5A197FDB1}.Shipping|Win64.ActiveCfg = Development|Any CPU
		{F6334296-6488-3675-B09F-29E5A197FDB1}.Shipping|Win64.Build.0 = Development|Any CPU
		{F9696E96-7CC6-3ABA-828A-1129A13D62C2}.DebugGame Editor|Win64.ActiveCfg = Development|Any CPU
		{F9696E96-7CC6-3ABA-828A-1129A13D62C2}.DebugGame Editor|Win64.Build.0 = Development|Any CPU
		{F9696E96-7CC6-3ABA-828A-1129A13D62C2}.DebugGame|Win64.ActiveCfg = Development|Any CPU
		{F9696E96-7CC6-3ABA-828A-1129A13D62C2}.DebugGame|Win64.Build.0 = Development|Any CPU
		{F9696E96-7CC6-3ABA-828A-1129A13D62C2}.Development Editor|Win64.ActiveCfg = Development|Any CPU
		{F9696E96-7CC6-3ABA-828A-1129A13D62C2}.Development Editor|Win64.Build.0 = Development|Any CPU
		{F9696E96-7CC6-3ABA-828A-1129A13D62C2}.Development|Win64.ActiveCfg = Development|Any CPU
		{F9696E96-7CC6-3ABA-828A-1129A13D62C2}.Development|Win64.Build.0 = Development|Any CPU
		{F9696E96-7CC6-3ABA-828A-1129A13D62C2}.Shipping|Win64.ActiveCfg = Development|Any CPU
		{F9696E96-7CC6-3ABA-828A-1129A13D62C2}.Shipping|Win64.Build.0 = Development|Any CPU
		{228A09D2-972A-3D9C-972C-81A1F6BF9086}.DebugGame Editor|Win64.ActiveCfg = Development|Any CPU
		{228A09D2-972A-3D9C-972C-81A1F6BF9086}.DebugGame Editor|Win64.Build.0 = Development|Any CPU
		{228A09D2-972A-3D9C-972C-81A1F6BF9086}.DebugGame|Win64.ActiveCfg = Development|Any CPU
		{228A09D2-972A-3D9C-972C-81A1F6BF9086}.DebugGame|Win64.Build.0 = Development|Any CPU
		{228A09D2-972A-3D9C-972C-81A1F6BF9086}.Development Editor|Win64.ActiveCfg = Development|Any CPU
		{228A09D2-972A-3D9C-972C-81A1F6BF9086}.Development Editor|Win64.Build.0 = Development|Any CPU
		{228A09D2-972A-3D9C-972C-81A1F6BF9086}.Development|Win64.ActiveCfg = Development|Any CPU
		{228A09D2-972A-3D9C-972C-81A1F6BF9086}.Development|Win64.Build.0 = Development|Any CPU
		{228A09D2-972A-3D9C-972C-81A1F6BF9086}.Shipping|Win64.ActiveCfg = Development|Any CPU
		{228A09D2-972A-3D9C-972C-81A1F6BF9086}.Shipping|Win64.Build.0 = Development|Any CPU
		{D0C72B25-9C93-3AB9-BCDD-33027BB0C462}.DebugGame Editor|Win64.ActiveCfg = Development|Any CPU
		{D0C72B25-9C93-3AB9-BCDD-33027BB0C462}.DebugGame Editor|Win64.Build.0 = Development|Any CPU
		{D0C72B25-9C93-3AB9-BCDD-33027BB0C462}.DebugGame|Win64.ActiveCfg = Development|Any CPU
		{D0C72B25-9C93-3AB9-BCDD-33027BB0C462}.DebugGame|Win64.Build.0 = Development|Any CPU
		{D0C72B25-9C93-3AB9-BCDD-33027BB0C462}.Development Editor|Win64.ActiveCfg = Development|Any CPU
		{D0C72B25-9C93-3AB9-BCDD-33027BB0C462}.Development Editor|Win64.Build.0 = Development|Any CPU
		{D0C72B25-9C93-3AB9-BCDD-33027BB0C462}.Development|Win64.ActiveCfg = Development|Any CPU
		{D0C72B25-9C93-3AB9-BCDD-33027BB0C462}.Development|Win64.Build.0 = Development|Any CPU
		{D0C72B25-9C93-3AB9-BCDD-33027BB0C462}.Shipping|Win64.ActiveCfg = Development|Any CPU
		{D0C72B25-9C93-3AB9-BCDD-33027BB0C462}.Shipping|Win64.Build.0 = Development|Any CPU
		{CBD945D2-A4BC-313D-A16E-2FEF8E171FD3}.DebugGame Editor|Win64.ActiveCfg = Development|Any CPU
		{CBD945D2-A4BC-313D-A16E-2FEF8E171FD3}.DebugGame Editor|Win64.Build.0 = Development|Any CPU
		{CBD945D2-A4BC-313D-A16E-2FEF8E171FD3}.DebugGame|Win64.ActiveCfg = Development|Any CPU
		{CBD945D2-A4BC-313D-A16E-2FEF8E171FD3}.DebugGame|Win64.Build.0 = Development|Any CPU
		{CBD945D2-A4BC-313D-A16E-2FEF8E171FD3}.Development Editor|Win64.ActiveCfg = Development|Any CPU
		{CBD945D2-A4BC-313D-A16E-2FEF8E171FD3}.Development Editor|Win64.Build.0 = Development|Any CPU
		{CBD945D2-A4BC-313D-A16E-2FEF8E171FD3}.Development|Win64.ActiveCfg = Development|Any CPU
		{CBD945D2-A4BC-313D-A16E-2FEF8E171FD3}.Development|Win64.Build.0 = Development|Any CPU
		{CBD945D2-A4BC-313D-A16E-2FEF8E171FD3}.Shipping|Win64.ActiveCfg = Development|Any CPU
		{CBD945D2-A4BC-313D-A16E-2FEF8E171FD3}.Shipping|Win64.Build.0 = Development|Any CPU
		{45F3FB24-4F7D-32A9-B985-0B12438218C2}.DebugGame Editor|Win64.ActiveCfg = Development|Any CPU
		{45F3FB24-4F7D-32A9-B985-0B12438218C2}.DebugGame Editor|Win64.Build.0 = Development|Any CPU
		{45F3FB24-4F7D-32A9-B985-0B12438218C2}.DebugGame|Win64.ActiveCfg = Development|Any CPU
		{45F3FB24-4F7D-32A9-B985-0B12438218C2}.DebugGame|Win64.Build.0 = Development|Any CPU
		{45F3FB24-4F7D-32A9-B985-0B12438218C2}.Development Editor|Win64.ActiveCfg = Development|Any CPU
		{45F3FB24-4F7D-32A9-B985-0B12438218C2}.Development Editor|Win64.Build.0 = Development|Any CPU
		{45F3FB24-4F7D-32A9-B985-0B12438218C2}.Development|Win64.ActiveCfg = Development|Any CPU
		{45F3FB24-4F7D-32A9-B985-0B12438218C2}.Development|Win64.Build.0 = Development|Any CPU
		{45F3FB24-4F7D-32A9-B985-0B12438218C2}.Shipping|Win64.ActiveCfg = Development|Any CPU
		{45F3FB24-4F7D-32A9-B985-0B12438218C2}.Shipping|Win64.Build.0 = Development|Any CPU
		{75D04D25-C864-336A-8DFC-C9EB4AAC58EF}.DebugGame Editor|Win64.ActiveCfg = Development|Any CPU
		{75D04D25-C864-336A-8DFC-C9EB4AAC58EF}.DebugGame Editor|Win64.Build.0 = Development|Any CPU
		{75D04D25-C864-336A-8DFC-C9EB4AAC58EF}.DebugGame|Win64.ActiveCfg = Development|Any CPU
		{75D04D25-C864-336A-8DFC-C9EB4AAC58EF}.DebugGame|Win64.Build.0 = Development|Any CPU
		{75D04D25-C864-336A-8DFC-C9EB4AAC58EF}.Development Editor|Win64.ActiveCfg = Development|Any CPU
		{75D04D25-C864-336A-8DFC-C9EB4AAC58EF}.Development Editor|Win64.Build.0 = Development|Any CPU
		{75D04D25-C864-336A-8DFC-C9EB4AAC58EF}.Development|Win64.ActiveCfg = Development|Any CPU
		{75D04D25-C864-336A-8DFC-C9EB4AAC58EF}.Development|Win64.Build.0 = Development|Any CPU
		{75D04D25-C864-336A-8DFC-C9EB4AAC58EF}.Shipping|Win64.ActiveCfg = Development|Any CPU
		{75D04D25-C864-336A-8DFC-C9EB4AAC58EF}.Shipping|Win64.Build.0 = Development|Any CPU
		{00AB1E68-F622-3AD5-AF43-2FD186440A60}.DebugGame Editor|Win64.ActiveCfg = Development|Any CPU
		{00AB1E68-F622-3AD5-AF43-2FD186440A60}.DebugGame Editor|Win64.Build.0 = Development|Any CPU
		{00AB1E68-F622-3AD5-AF43-2FD186440A60}.DebugGame|Win64.ActiveCfg = Development|Any CPU
		{00AB1E68-F622-3AD5-AF43-2FD186440A60}.DebugGame|Win64.Build.0 = Development|Any CPU
		{00AB1E68-F622-3AD5-AF43-2FD186440A60}.Development Editor|Win64.ActiveCfg = Development|Any CPU
		{00AB1E68-F622-3AD5-AF43-2FD186440A60}.Development Editor|Win64.Build.0 = Development|Any CPU
		{00AB1E68-F622-3AD5-AF43-2FD186440A60}.Development|Win64.ActiveCfg = Development|Any CPU
		{00AB1E68-F622-3AD5-AF43-2FD186440A60}.Development|Win64.Build.0 = Development|Any CPU
		{00AB1E68-F622-3AD5-AF43-2FD186440A60}.Shipping|Win64.ActiveCfg = Development|Any CPU
		{00AB1E68-F622-3AD5-AF43-2FD186440A60}.Shipping|Win64.Build.0 = Development|Any CPU
		{E418CC8F-5FE8-3F51-9C20-9594FE745810}.DebugGame Editor|Win64.ActiveCfg = Development|Any CPU
		{E418CC8F-5FE8-3F51-9C20-9594FE745810}.DebugGame Editor|Win64.Build.0 = Development|Any CPU
		{E418CC8F-5FE8-3F51-9C20-9594FE745810}.DebugGame|Win64.ActiveCfg = Development|Any CPU
		{E418CC8F-5FE8-3F51-9C20-9594FE745810}.DebugGame|Win64.Build.0 = Development|Any CPU
		{E418CC8F-5FE8-3F51-9C20-9594FE745810}.Development Editor|Win64.ActiveCfg = Development|Any CPU
		{E418CC8F-5FE8-3F51-9C20-9594FE745810}.Development Editor|Win64.Build.0 = Development|Any CPU
		{E418CC8F-5FE8-3F51-9C20-9594FE745810}.Development|Win64.ActiveCfg = Development|Any CPU
		{E418CC8F-5FE8-3F51-9C20-9594FE745810}.Development|Win64.Build.0 = Development|Any CPU
		{E418CC8F-5FE8-3F51-9C20-9594FE745810}.Shipping|Win64.ActiveCfg = Development|Any CPU
		{E418CC8F-5FE8-3F51-9C20-9594FE745810}.Shipping|Win64.Build.0 = Development|Any CPU
		{22A50255-8DEE-39AA-ACB0-34D15BB4ABCB}.DebugGame Editor|Win64.ActiveCfg = Development|Any CPU
		{22A50255-8DEE-39AA-ACB0-34D15BB4ABCB}.DebugGame Editor|Win64.Build.0 = Development|Any CPU
		{22A50255-8DEE-39AA-ACB0-34D15BB4ABCB}.DebugGame|Win64.ActiveCfg = Development|Any CPU
		{22A50255-8DEE-39AA-ACB0-34D15BB4ABCB}.DebugGame|Win64.Build.0 = Development|Any CPU
		{22A50255-8DEE-39AA-ACB0-34D15BB4ABCB}.Development Editor|Win64.ActiveCfg = Development|Any CPU
		{22A50255-8DEE-39AA-ACB0-34D15BB4ABCB}.Development Editor|Win64.Build.0 = Development|Any CPU
		{22A50255-8DEE-39AA-ACB0-34D15BB4ABCB}.Development|Win64.ActiveCfg = Development|Any CPU
		{22A50255-8DEE-39AA-ACB0-34D15BB4ABCB}.Development|Win64.Build.0 = Development|Any CPU
		{22A50255-8DEE-39AA-ACB0-34D15BB4ABCB}.Shipping|Win64.ActiveCfg = Development|Any CPU
		{22A50255-8DEE-39AA-ACB0-34D15BB4ABCB}.Shipping|Win64.Build.0 = Development|Any CPU
		{1815F547-B49E-33A2-A469-8788F4ACAF50}.DebugGame Editor|Win64.ActiveCfg = Development|Any CPU
		{1815F547-B49E-33A2-A469-8788F4ACAF50}.DebugGame Editor|Win64.Build.0 = Development|Any CPU
		{1815F547-B49E-33A2-A469-8788F4ACAF50}.DebugGame|Win64.ActiveCfg = Development|Any CPU
		{1815F547-B49E-33A2-A469-8788F4ACAF50}.DebugGame|Win64.Build.0 = Development|Any CPU
		{1815F547-B49E-33A2-A469-8788F4ACAF50}.Development Editor|Win64.ActiveCfg = Development|Any CPU
		{1815F547-B49E-33A2-A469-8788F4ACAF50}.Development Editor|Win64.Build.0 = Development|Any CPU
		{1815F547-B49E-33A2-A469-8788F4ACAF50}.Development|Win64.ActiveCfg = Development|Any CPU
		{1815F547-B49E-33A2-A469-8788F4ACAF50}.Development|Win64.Build.0 = Development|Any CPU
		{1815F547-B49E-33A2-A469-8788F4ACAF50}.Shipping|Win64.ActiveCfg = Development|Any CPU
		{1815F547-B49E-33A2-A469-8788F4ACAF50}.Shipping|Win64.Build.0 = Development|Any CPU
		{F75B36AD-AB0F-39C2-892C-F0A088EE5FED}.DebugGame Editor|Win64.ActiveCfg = Development|Any CPU
		{F75B36AD-AB0F-39C2-892C-F0A088EE5FED}.DebugGame Editor|Win64.Build.0 = Development|Any CPU
		{F75B36AD-AB0F-39C2-892C-F0A088EE5FED}.DebugGame|Win64.ActiveCfg = Development|Any CPU
		{F75B36AD-AB0F-39C2-892C-F0A088EE5FED}.DebugGame|Win64.Build.0 = Development|Any CPU
		{F75B36AD-AB0F-39C2-892C-F0A088EE5FED}.Development Editor|Win64.ActiveCfg = Development|Any CPU
		{F75B36AD-AB0F-39C2-892C-F0A088EE5FED}.Development Editor|Win64.Build.0 = Development|Any CPU
		{F75B36AD-AB0F-39C2-892C-F0A088EE5FED}.Development|Win64.ActiveCfg = Development|Any CPU
		{F75B36AD-AB0F-39C2-892C-F0A088EE5FED}.Development|Win64.Build.0 = Development|Any CPU
		{F75B36AD-AB0F-39C2-892C-F0A088EE5FED}.Shipping|Win64.ActiveCfg = Development|Any CPU
		{F75B36AD-AB0F-39C2-892C-F0A088EE5FED}.Shipping|Win64.Build.0 = Development|Any CPU
		{4C511CA2-A00D-3938-AB5F-85266E06D21C}.DebugGame Editor|Win64.ActiveCfg = Development|Any CPU
		{4C511CA2-A00D-3938-AB5F-85266E06D21C}.DebugGame Editor|Win64.Build.0 = Development|Any CPU
		{4C511CA2-A00D-3938-AB5F-85266E06D21C}.DebugGame|Win64.ActiveCfg = Development|Any CPU
		{4C511CA2-A00D-3938-AB5F-85266E06D21C}.DebugGame|Win64.Build.0 = Development|Any CPU
		{4C511CA2-A00D-3938-AB5F-85266E06D21C}.Development Editor|Win64.ActiveCfg = Development|Any CPU
		{4C511CA2-A00D-3938-AB5F-85266E06D21C}.Development Editor|Win64.Build.0 = Development|Any CPU
		{4C511CA2-A00D-3938-AB5F-85266E06D21C}.Development|Win64.ActiveCfg = Development|Any CPU
		{4C511CA2-A00D-3938-AB5F-85266E06D21C}.Development|Win64.Build.0 = Development|Any CPU
		{4C511CA2-A00D-3938-AB5F-85266E06D21C}.Shipping|Win64.ActiveCfg = Development|Any CPU
		{4C511CA2-A00D-3938-AB5F-85266E06D21C}.Shipping|Win64.Build.0 = Development|Any CPU
		{3CDC9688-BC2D-3C85-890E-E42CC8964DF3}.DebugGame Editor|Win64.ActiveCfg = Development|Any CPU
		{3CDC9688-BC2D-3C85-890E-E42CC8964DF3}.DebugGame Editor|Win64.Build.0 = Development|Any CPU
		{3CDC9688-BC2D-3C85-890E-E42CC8964DF3}.DebugGame|Win64.ActiveCfg = Development|Any CPU
		{3CDC9688-BC2D-3C85-890E-E42CC8964DF3}.DebugGame|Win64.Build.0 = Development|Any CPU
		{3CDC9688-BC2D-3C85-890E-E42CC8964DF3}.Development Editor|Win64.ActiveCfg = Development|Any CPU
		{3CDC9688-BC2D-3C85-890E-E42CC8964DF3}.Development Editor|Win64.Build.0 = Development|Any CPU
		{3CDC9688-BC2D-3C85-890E-E42CC8964DF3}.Development|Win64.ActiveCfg = Development|Any CPU
		{3CDC9688-BC2D-3C85-890E-E42CC8964DF3}.Development|Win64.Build.0 = Development|Any CPU
		{3CDC9688-BC2D-3C85-890E-E42CC8964DF3}.Shipping|Win64.ActiveCfg = Development|Any CPU
		{3CDC9688-BC2D-3C85-890E-E42CC8964DF3}.Shipping|Win64.Build.0 = Development|Any CPU
		{4B9308E5-AD14-3636-8080-EE103A6F39C2}.DebugGame Editor|Win64.ActiveCfg = Development|Any CPU
		{4B9308E5-AD14-3636-8080-EE103A6F39C2}.DebugGame Editor|Win64.Build.0 = Development|Any CPU
		{4B9308E5-AD14-3636-8080-EE103A6F39C2}.DebugGame|Win64.ActiveCfg = Development|Any CPU
		{4B9308E5-AD14-3636-8080-EE103A6F39C2}.DebugGame|Win64.Build.0 = Development|Any CPU
		{4B9308E5-AD14-3636-8080-EE103A6F39C2}.Development Editor|Win64.ActiveCfg = Development|Any CPU
		{4B9308E5-AD14-3636-8080-EE103A6F39C2}.Development Editor|Win64.Build.0 = Development|Any CPU
		{4B9308E5-AD14-3636-8080-EE103A6F39C2}.Development|Win64.ActiveCfg = Development|Any CPU
		{4B9308E5-AD14-3636-8080-EE103A6F39C2}.Development|Win64.Build.0 = Development|Any CPU
		{4B9308E5-AD14-3636-8080-EE103A6F39C2}.Shipping|Win64.ActiveCfg = Development|Any CPU
		{4B9308E5-AD14-3636-8080-EE103A6F39C2}.Shipping|Win64.Build.0 = Development|Any CPU
		{D9090B9D-6510-3581-8C85-E5F84FD585D1}.DebugGame Editor|Win64.ActiveCfg = Development|Any CPU
		{D9090B9D-6510-3581-8C85-E5F84FD585D1}.DebugGame Editor|Win64.Build.0 = Development|Any CPU
		{D9090B9D-6510-3581-8C85-E5F84FD585D1}.DebugGame|Win64.ActiveCfg = Development|Any CPU
		{D9090B9D-6510-3581-8C85-E5F84FD585D1}.DebugGame|Win64.Build.0 = Development|Any CPU
		{D9090B9D-6510-3581-8C85-E5F84FD585D1}.Development Editor|Win64.ActiveCfg = Development|Any CPU
		{D9090B9D-6510-3581-8C85-E5F84FD585D1}.Development Editor|Win64.Build.0 = Development|Any CPU
		{D9090B9D-6510-3581-8C85-E5F84FD585D1}.Development|Win64.ActiveCfg = Development|Any CPU
		{D9090B9D-6510-3581-8C85-E5F84FD585D1}.Development|Win64.Build.0 = Development|Any CPU
		{D9090B9D-6510-3581-8C85-E5F84FD585D1}.Shipping|Win64.ActiveCfg = Development|Any CPU
		{D9090B9D-6510-3581-8C85-E5F84FD585D1}.Shipping|Win64.Build.0 = Development|Any CPU
		{886E9F55-2603-3FC6-AB80-4172BBC033EB}.DebugGame Editor|Win64.ActiveCfg = Development|Any CPU
		{886E9F55-2603-3FC6-AB80-4172BBC033EB}.DebugGame Editor|Win64.Build.0 = Development|Any CPU
		{886E9F55-2603-3FC6-AB80-4172BBC033EB}.DebugGame|Win64.ActiveCfg = Development|Any CPU
		{886E9F55-2603-3FC6-AB80-4172BBC033EB}.DebugGame|Win64.Build.0 = Development|Any CPU
		{886E9F55-2603-3FC6-AB80-4172BBC033EB}.Development Editor|Win64.ActiveCfg = Development|Any CPU
		{886E9F55-2603-3FC6-AB80-4172BBC033EB}.Development Editor|Win64.Build.0 = Development|Any CPU
		{886E9F55-2603-3FC6-AB80-4172BBC033EB}.Development|Win64.ActiveCfg = Development|Any CPU
		{886E9F55-2603-3FC6-AB80-4172BBC033EB}.Development|Win64.Build.0 = Development|Any CPU
		{886E9F55-2603-3FC6-AB80-4172BBC033EB}.Shipping|Win64.ActiveCfg = Development|Any CPU
		{886E9F55-2603-3FC6-AB80-4172BBC033EB}.Shipping|Win64.Build.0 = Development|Any CPU
		{931F7209-263B-313A-B260-3906107E9CE5}.DebugGame Editor|Win64.ActiveCfg = Development|Any CPU
		{931F7209-263B-313A-B260-3906107E9CE5}.DebugGame Editor|Win64.Build.0 = Development|Any CPU
		{931F7209-263B-313A-B260-3906107E9CE5}.DebugGame|Win64.ActiveCfg = Development|Any CPU
		{931F7209-263B-313A-B260-3906107E9CE5}.DebugGame|Win64.Build.0 = Development|Any CPU
		{931F7209-263B-313A-B260-3906107E9CE5}.Development Editor|Win64.ActiveCfg = Development|Any CPU
		{931F7209-263B-313A-B260-3906107E9CE5}.Development Editor|Win64.Build.0 = Development|Any CPU
		{931F7209-263B-313A-B260-3906107E9CE5}.Development|Win64.ActiveCfg = Development|Any CPU
		{931F7209-263B-313A-B260-3906107E9CE5}.Development|Win64.Build.0 = Development|Any CPU
		{931F7209-263B-313A-B260-3906107E9CE5}.Shipping|Win64.ActiveCfg = Development|Any CPU
		{931F7209-263B-313A-B260-3906107E9CE5}.Shipping|Win64.Build.0 = Development|Any CPU
		{110ECF6A-B21F-35DD-A7F2-AE668DA611F4}.DebugGame Editor|Win64.ActiveCfg = Development|Any CPU
		{110ECF6A-B21F-35DD-A7F2-AE668DA611F4}.DebugGame Editor|Win64.Build.0 = Development|Any CPU
		{110ECF6A-B21F-35DD-A7F2-AE668DA611F4}.DebugGame|Win64.ActiveCfg = Development|Any CPU
		{110ECF6A-B21F-35DD-A7F2-AE668DA611F4}.DebugGame|Win64.Build.0 = Development|Any CPU
		{110ECF6A-B21F-35DD-A7F2-AE668DA611F4}.Development Editor|Win64.ActiveCfg = Development|Any CPU
		{110ECF6A-B21F-35DD-A7F2-AE668DA611F4}.Development Editor|Win64.Build.0 = Development|Any CPU
		{110ECF6A-B21F-35DD-A7F2-AE668DA611F4}.Development|Win64.ActiveCfg = Development|Any CPU
		{110ECF6A-B21F-35DD-A7F2-AE668DA611F4}.Development|Win64.Build.0 = Development|Any CPU
		{110ECF6A-B21F-35DD-A7F2-AE668DA611F4}.Shipping|Win64.ActiveCfg = Development|Any CPU
		{110ECF6A-B21F-35DD-A7F2-AE668DA611F4}.Shipping|Win64.Build.0 = Development|Any CPU
		{FB82215D-8C14-3A00-B435-3E26EF2C386D}.DebugGame Editor|Win64.ActiveCfg = Development|Any CPU
		{FB82215D-8C14-3A00-B435-3E26EF2C386D}.DebugGame Editor|Win64.Build.0 = Development|Any CPU
		{FB82215D-8C14-3A00-B435-3E26EF2C386D}.DebugGame|Win64.ActiveCfg = Development|Any CPU
		{FB82215D-8C14-3A00-B435-3E26EF2C386D}.DebugGame|Win64.Build.0 = Development|Any CPU
		{FB82215D-8C14-3A00-B435-3E26EF2C386D}.Development Editor|Win64.ActiveCfg = Development|Any CPU
		{FB82215D-8C14-3A00-B435-3E26EF2C386D}.Development Editor|Win64.Build.0 = Development|Any CPU
		{FB82215D-8C14-3A00-B435-3E26EF2C386D}.Development|Win64.ActiveCfg = Development|Any CPU
		{FB82215D-8C14-3A00-B435-3E26EF2C386D}.Development|Win64.Build.0 = Development|Any CPU
		{FB82215D-8C14-3A00-B435-3E26EF2C386D}.Shipping|Win64.ActiveCfg = Development|Any CPU
		{FB82215D-8C14-3A00-B435-3E26EF2C386D}.Shipping|Win64.Build.0 = Development|Any CPU
		{21EC9403-94C1-3AD1-9D8F-6FEFBFA87489}.DebugGame Editor|Win64.ActiveCfg = Development|Any CPU
		{21EC9403-94C1-3AD1-9D8F-6FEFBFA87489}.DebugGame Editor|Win64.Build.0 = Development|Any CPU
		{21EC9403-94C1-3AD1-9D8F-6FEFBFA87489}.DebugGame|Win64.ActiveCfg = Development|Any CPU
		{21EC9403-94C1-3AD1-9D8F-6FEFBFA87489}.DebugGame|Win64.Build.0 = Development|Any CPU
		{21EC9403-94C1-3AD1-9D8F-6FEFBFA87489}.Development Editor|Win64.ActiveCfg = Development|Any CPU
		{21EC9403-94C1-3AD1-9D8F-6FEFBFA87489}.Development Editor|Win64.Build.0 = Development|Any CPU
		{21EC9403-94C1-3AD1-9D8F-6FEFBFA87489}.Development|Win64.ActiveCfg = Development|Any CPU
		{21EC9403-94C1-3AD1-9D8F-6FEFBFA87489}.Development|Win64.Build.0 = Development|Any CPU
		{21EC9403-94C1-3AD1-9D8F-6FEFBFA87489}.Shipping|Win64.ActiveCfg = Development|Any CPU
		{21EC9403-94C1-3AD1-9D8F-6FEFBFA87489}.Shipping|Win64.Build.0 = Development|Any CPU
		{DD57475C-499D-3DF8-90AE-432E1FC03F02}.DebugGame Editor|Win64.ActiveCfg = Development|Any CPU
		{DD57475C-499D-3DF8-90AE-432E1FC03F02}.DebugGame Editor|Win64.Build.0 = Development|Any CPU
		{DD57475C-499D-3DF8-90AE-432E1FC03F02}.DebugGame|Win64.ActiveCfg = Development|Any CPU
		{DD57475C-499D-3DF8-90AE-432E1FC03F02}.DebugGame|Win64.Build.0 = Development|Any CPU
		{DD57475C-499D-3DF8-90AE-432E1FC03F02}.Development Editor|Win64.ActiveCfg = Development|Any CPU
		{DD57475C-499D-3DF8-90AE-432E1FC03F02}.Development Editor|Win64.Build.0 = Development|Any CPU
		{DD57475C-499D-3DF8-90AE-432E1FC03F02}.Development|Win64.ActiveCfg = Development|Any CPU
		{DD57475C-499D-3DF8-90AE-432E1FC03F02}.Development|Win64.Build.0 = Development|Any CPU
		{DD57475C-499D-3DF8-90AE-432E1FC03F02}.Shipping|Win64.ActiveCfg = Development|Any CPU
		{DD57475C-499D-3DF8-90AE-432E1FC03F02}.Shipping|Win64.Build.0 = Development|Any CPU
		{2B4D22F7-74FD-3F71-B3CF-389C02FA04F5}.DebugGame Editor|Win64.ActiveCfg = Development|Any CPU
		{2B4D22F7-74FD-3F71-B3CF-389C02FA04F5}.DebugGame Editor|Win64.Build.0 = Development|Any CPU
		{2B4D22F7-74FD-3F71-B3CF-389C02FA04F5}.DebugGame|Win64.ActiveCfg = Development|Any CPU
		{2B4D22F7-74FD-3F71-B3CF-389C02FA04F5}.DebugGame|Win64.Build.0 = Development|Any CPU
		{2B4D22F7-74FD-3F71-B3CF-389C02FA04F5}.Development Editor|Win64.ActiveCfg = Development|Any CPU
		{2B4D22F7-74FD-3F71-B3CF-389C02FA04F5}.Development Editor|Win64.Build.0 = Development|Any CPU
		{2B4D22F7-74FD-3F71-B3CF-389C02FA04F5}.Development|Win64.ActiveCfg = Development|Any CPU
		{2B4D22F7-74FD-3F71-B3CF-389C02FA04F5}.Development|Win64.Build.0 = Development|Any CPU
		{2B4D22F7-74FD-3F71-B3CF-389C02FA04F5}.Shipping|Win64.ActiveCfg = Development|Any CPU
		{2B4D22F7-74FD-3F71-B3CF-389C02FA04F5}.Shipping|Win64.Build.0 = Development|Any CPU
		{CB3AFC8C-46C7-3852-B002-7D8FCAB5DF21}.DebugGame Editor|Win64.ActiveCfg = Development|Any CPU
		{CB3AFC8C-46C7-3852-B002-7D8FCAB5DF21}.DebugGame Editor|Win64.Build.0 = Development|Any CPU
		{CB3AFC8C-46C7-3852-B002-7D8FCAB5DF21}.DebugGame|Win64.ActiveCfg = Development|Any CPU
		{CB3AFC8C-46C7-3852-B002-7D8FCAB5DF21}.DebugGame|Win64.Build.0 = Development|Any CPU
		{CB3AFC8C-46C7-3852-B002-7D8FCAB5DF21}.Development Editor|Win64.ActiveCfg = Development|Any CPU
		{CB3AFC8C-46C7-3852-B002-7D8FCAB5DF21}.Development Editor|Win64.Build.0 = Development|Any CPU
		{CB3AFC8C-46C7-3852-B002-7D8FCAB5DF21}.Development|Win64.ActiveCfg = Development|Any CPU
		{CB3AFC8C-46C7-3852-B002-7D8FCAB5DF21}.Development|Win64.Build.0 = Development|Any CPU
		{CB3AFC8C-46C7-3852-B002-7D8FCAB5DF21}.Shipping|Win64.ActiveCfg = Development|Any CPU
		{CB3AFC8C-46C7-3852-B002-7D8FCAB5DF21}.Shipping|Win64.Build.0 = Development|Any CPU
		{0E0A4563-8EAE-3097-9CE9-047FA82EBA5B}.DebugGame Editor|Win64.ActiveCfg = Development|Any CPU
		{0E0A4563-8EAE-3097-9CE9-047FA82EBA5B}.DebugGame Editor|Win64.Build.0 = Development|Any CPU
		{0E0A4563-8EAE-3097-9CE9-047FA82EBA5B}.DebugGame|Win64.ActiveCfg = Development|Any CPU
		{0E0A4563-8EAE-3097-9CE9-047FA82EBA5B}.DebugGame|Win64.Build.0 = Development|Any CPU
		{0E0A4563-8EAE-3097-9CE9-047FA82EBA5B}.Development Editor|Win64.ActiveCfg = Development|Any CPU
		{0E0A4563-8EAE-3097-9CE9-047FA82EBA5B}.Development Editor|Win64.Build.0 = Development|Any CPU
		{0E0A4563-8EAE-3097-9CE9-047FA82EBA5B}.Development|Win64.ActiveCfg = Development|Any CPU
		{0E0A4563-8EAE-3097-9CE9-047FA82EBA5B}.Development|Win64.Build.0 = Development|Any CPU
		{0E0A4563-8EAE-3097-9CE9-047FA82EBA5B}.Shipping|Win64.ActiveCfg = Development|Any CPU
		{0E0A4563-8EAE-3097-9CE9-047FA82EBA5B}.Shipping|Win64.Build.0 = Development|Any CPU
		{B6D1F6AF-1052-3B75-873A-A2B64061FE9D}.DebugGame Editor|Win64.ActiveCfg = Development|Any CPU
		{B6D1F6AF-1052-3B75-873A-A2B64061FE9D}.DebugGame Editor|Win64.Build.0 = Development|Any CPU
		{B6D1F6AF-1052-3B75-873A-A2B64061FE9D}.DebugGame|Win64.ActiveCfg = Development|Any CPU
		{B6D1F6AF-1052-3B75-873A-A2B64061FE9D}.DebugGame|Win64.Build.0 = Development|Any CPU
		{B6D1F6AF-1052-3B75-873A-A2B64061FE9D}.Development Editor|Win64.ActiveCfg = Development|Any CPU
		{B6D1F6AF-1052-3B75-873A-A2B64061FE9D}.Development Editor|Win64.Build.0 = Development|Any CPU
		{B6D1F6AF-1052-3B75-873A-A2B64061FE9D}.Development|Win64.ActiveCfg = Development|Any CPU
		{B6D1F6AF-1052-3B75-873A-A2B64061FE9D}.Development|Win64.Build.0 = Development|Any CPU
		{B6D1F6AF-1052-3B75-873A-A2B64061FE9D}.Shipping|Win64.ActiveCfg = Development|Any CPU
		{B6D1F6AF-1052-3B75-873A-A2B64061FE9D}.Shipping|Win64.Build.0 = Development|Any CPU
		{21D572CF-D48B-3B75-9007-F4BE43698E82}.DebugGame Editor|Win64.ActiveCfg = Development|Any CPU
		{21D572CF-D48B-3B75-9007-F4BE43698E82}.DebugGame Editor|Win64.Build.0 = Development|Any CPU
		{21D572CF-D48B-3B75-9007-F4BE43698E82}.DebugGame|Win64.ActiveCfg = Development|Any CPU
		{21D572CF-D48B-3B75-9007-F4BE43698E82}.DebugGame|Win64.Build.0 = Development|Any CPU
		{21D572CF-D48B-3B75-9007-F4BE43698E82}.Development Editor|Win64.ActiveCfg = Development|Any CPU
		{21D572CF-D48B-3B75-9007-F4BE43698E82}.Development Editor|Win64.Build.0 = Development|Any CPU
		{21D572CF-D48B-3B75-9007-F4BE43698E82}.Development|Win64.ActiveCfg = Development|Any CPU
		{21D572CF-D48B-3B75-9007-F4BE43698E82}.Development|Win64.Build.0 = Development|Any CPU
		{21D572CF-D48B-3B75-9007-F4BE43698E82}.Shipping|Win64.ActiveCfg = Development|Any CPU
		{21D572CF-D48B-3B75-9007-F4BE43698E82}.Shipping|Win64.Build.0 = Development|Any CPU
		{94CD8318-61C9-3FB2-95A2-637AE78D210B}.DebugGame Editor|Win64.ActiveCfg = Development|Any CPU
		{94CD8318-61C9-3FB2-95A2-637AE78D210B}.DebugGame Editor|Win64.Build.0 = Development|Any CPU
		{94CD8318-61C9-3FB2-95A2-637AE78D210B}.DebugGame|Win64.ActiveCfg = Development|Any CPU
		{94CD8318-61C9-3FB2-95A2-637AE78D210B}.DebugGame|Win64.Build.0 = Development|Any CPU
		{94CD8318-61C9-3FB2-95A2-637AE78D210B}.Development Editor|Win64.ActiveCfg = Development|Any CPU
		{94CD8318-61C9-3FB2-95A2-637AE78D210B}.Development Editor|Win64.Build.0 = Development|Any CPU
		{94CD8318-61C9-3FB2-95A2-637AE78D210B}.Development|Win64.ActiveCfg = Development|Any CPU
		{94CD8318-61C9-3FB2-95A2-637AE78D210B}.Development|Win64.Build.0 = Development|Any CPU
		{94CD8318-61C9-3FB2-95A2-637AE78D210B}.Shipping|Win64.ActiveCfg = Development|Any CPU
		{94CD8318-61C9-3FB2-95A2-637AE78D210B}.Shipping|Win64.Build.0 = Development|Any CPU
		{FF392C76-DC1E-3E7A-AE18-F2656F7ACC4F}.DebugGame Editor|Win64.ActiveCfg = Development|Any CPU
		{FF392C76-DC1E-3E7A-AE18-F2656F7ACC4F}.DebugGame Editor|Win64.Build.0 = Development|Any CPU
		{FF392C76-DC1E-3E7A-AE18-F2656F7ACC4F}.DebugGame|Win64.ActiveCfg = Development|Any CPU
		{FF392C76-DC1E-3E7A-AE18-F2656F7ACC4F}.DebugGame|Win64.Build.0 = Development|Any CPU
		{FF392C76-DC1E-3E7A-AE18-F2656F7ACC4F}.Development Editor|Win64.ActiveCfg = Development|Any CPU
		{FF392C76-DC1E-3E7A-AE18-F2656F7ACC4F}.Development Editor|Win64.Build.0 = Development|Any CPU
		{FF392C76-DC1E-3E7A-AE18-F2656F7ACC4F}.Development|Win64.ActiveCfg = Development|Any CPU
		{FF392C76-DC1E-3E7A-AE18-F2656F7ACC4F}.Development|Win64.Build.0 = Development|Any CPU
		{FF392C76-DC1E-3E7A-AE18-F2656F7ACC4F}.Shipping|Win64.ActiveCfg = Development|Any CPU
		{FF392C76-DC1E-3E7A-AE18-F2656F7ACC4F}.Shipping|Win64.Build.0 = Development|Any CPU
		{273617CE-1719-3ECF-A55D-3CB748C16414}.DebugGame Editor|Win64.ActiveCfg = Development|Any CPU
		{273617CE-1719-3ECF-A55D-3CB748C16414}.DebugGame Editor|Win64.Build.0 = Development|Any CPU
		{273617CE-1719-3ECF-A55D-3CB748C16414}.DebugGame|Win64.ActiveCfg = Development|Any CPU
		{273617CE-1719-3ECF-A55D-3CB748C16414}.DebugGame|Win64.Build.0 = Development|Any CPU
		{273617CE-1719-3ECF-A55D-3CB748C16414}.Development Editor|Win64.ActiveCfg = Development|Any CPU
		{273617CE-1719-3ECF-A55D-3CB748C16414}.Development Editor|Win64.Build.0 = Development|Any CPU
		{273617CE-1719-3ECF-A55D-3CB748C16414}.Development|Win64.ActiveCfg = Development|Any CPU
		{273617CE-1719-3ECF-A55D-3CB748C16414}.Development|Win64.Build.0 = Development|Any CPU
		{273617CE-1719-3ECF-A55D-3CB748C16414}.Shipping|Win64.ActiveCfg = Development|Any CPU
		{273617CE-1719-3ECF-A55D-3CB748C16414}.Shipping|Win64.Build.0 = Development|Any CPU
		{9718FF90-20B5-3419-A8D0-41107606DCA4}.DebugGame Editor|Win64.ActiveCfg = Development|Any CPU
		{9718FF90-20B5-3419-A8D0-41107606DCA4}.DebugGame Editor|Win64.Build.0 = Development|Any CPU
		{9718FF90-20B5-3419-A8D0-41107606DCA4}.DebugGame|Win64.ActiveCfg = Development|Any CPU
		{9718FF90-20B5-3419-A8D0-41107606DCA4}.DebugGame|Win64.Build.0 = Development|Any CPU
		{9718FF90-20B5-3419-A8D0-41107606DCA4}.Development Editor|Win64.ActiveCfg = Development|Any CPU
		{9718FF90-20B5-3419-A8D0-41107606DCA4}.Development Editor|Win64.Build.0 = Development|Any CPU
		{9718FF90-20B5-3419-A8D0-41107606DCA4}.Development|Win64.ActiveCfg = Development|Any CPU
		{9718FF90-20B5-3419-A8D0-41107606DCA4}.Development|Win64.Build.0 = Development|Any CPU
		{9718FF90-20B5-3419-A8D0-41107606DCA4}.Shipping|Win64.ActiveCfg = Development|Any CPU
		{9718FF90-20B5-3419-A8D0-41107606DCA4}.Shipping|Win64.Build.0 = Development|Any CPU
		{829E5A0D-5EBB-370E-AD8B-F029AA4C8C98}.DebugGame Editor|Win64.ActiveCfg = Development|Any CPU
		{829E5A0D-5EBB-370E-AD8B-F029AA4C8C98}.DebugGame Editor|Win64.Build.0 = Development|Any CPU
		{829E5A0D-5EBB-370E-AD8B-F029AA4C8C98}.DebugGame|Win64.ActiveCfg = Development|Any CPU
		{829E5A0D-5EBB-370E-AD8B-F029AA4C8C98}.DebugGame|Win64.Build.0 = Development|Any CPU
		{829E5A0D-5EBB-370E-AD8B-F029AA4C8C98}.Development Editor|Win64.ActiveCfg = Development|Any CPU
		{829E5A0D-5EBB-370E-AD8B-F029AA4C8C98}.Development Editor|Win64.Build.0 = Development|Any CPU
		{829E5A0D-5EBB-370E-AD8B-F029AA4C8C98}.Development|Win64.ActiveCfg = Development|Any CPU
		{829E5A0D-5EBB-370E-AD8B-F029AA4C8C98}.Development|Win64.Build.0 = Development|Any CPU
		{829E5A0D-5EBB-370E-AD8B-F029AA4C8C98}.Shipping|Win64.ActiveCfg = Development|Any CPU
		{829E5A0D-5EBB-370E-AD8B-F029AA4C8C98}.Shipping|Win64.Build.0 = Development|Any CPU
		{96BB9541-7643-3893-B959-AB36B8FD9355}.DebugGame Editor|Win64.ActiveCfg = Development|Any CPU
		{96BB9541-7643-3893-B959-AB36B8FD9355}.DebugGame Editor|Win64.Build.0 = Development|Any CPU
		{96BB9541-7643-3893-B959-AB36B8FD9355}.DebugGame|Win64.ActiveCfg = Development|Any CPU
		{96BB9541-7643-3893-B959-AB36B8FD9355}.DebugGame|Win64.Build.0 = Development|Any CPU
		{96BB9541-7643-3893-B959-AB36B8FD9355}.Development Editor|Win64.ActiveCfg = Development|Any CPU
		{96BB9541-7643-3893-B959-AB36B8FD9355}.Development Editor|Win64.Build.0 = Development|Any CPU
		{96BB9541-7643-3893-B959-AB36B8FD9355}.Development|Win64.ActiveCfg = Development|Any CPU
		{96BB9541-7643-3893-B959-AB36B8FD9355}.Development|Win64.Build.0 = Development|Any CPU
		{96BB9541-7643-3893-B959-AB36B8FD9355}.Shipping|Win64.ActiveCfg = Development|Any CPU
		{96BB9541-7643-3893-B959-AB36B8FD9355}.Shipping|Win64.Build.0 = Development|Any CPU
		{8DD4F490-9A63-3CB9-99AF-392C02F027E9}.DebugGame Editor|Win64.ActiveCfg = Development|Any CPU
		{8DD4F490-9A63-3CB9-99AF-392C02F027E9}.DebugGame Editor|Win64.Build.0 = Development|Any CPU
		{8DD4F490-9A63-3CB9-99AF-392C02F027E9}.DebugGame|Win64.ActiveCfg = Development|Any CPU
		{8DD4F490-9A63-3CB9-99AF-392C02F027E9}.DebugGame|Win64.Build.0 = Development|Any CPU
		{8DD4F490-9A63-3CB9-99AF-392C02F027E9}.Development Editor|Win64.ActiveCfg = Development|Any CPU
		{8DD4F490-9A63-3CB9-99AF-392C02F027E9}.Development Editor|Win64.Build.0 = Development|Any CPU
		{8DD4F490-9A63-3CB9-99AF-392C02F027E9}.Development|Win64.ActiveCfg = Development|Any CPU
		{8DD4F490-9A63-3CB9-99AF-392C02F027E9}.Development|Win64.Build.0 = Development|Any CPU
		{8DD4F490-9A63-3CB9-99AF-392C02F027E9}.Shipping|Win64.ActiveCfg = Development|Any CPU
		{8DD4F490-9A63-3CB9-99AF-392C02F027E9}.Shipping|Win64.Build.0 = Development|Any CPU
		{C9C5D15A-7110-3CE3-91EF-EDBB99CB0F09}.DebugGame Editor|Win64.ActiveCfg = Development|Any CPU
		{C9C5D15A-7110-3CE3-91EF-EDBB99CB0F09}.DebugGame Editor|Win64.Build.0 = Development|Any CPU
		{C9C5D15A-7110-3CE3-91EF-EDBB99CB0F09}.DebugGame|Win64.ActiveCfg = Development|Any CPU
		{C9C5D15A-7110-3CE3-91EF-EDBB99CB0F09}.DebugGame|Win64.Build.0 = Development|Any CPU
		{C9C5D15A-7110-3CE3-91EF-EDBB99CB0F09}.Development Editor|Win64.ActiveCfg = Development|Any CPU
		{C9C5D15A-7110-3CE3-91EF-EDBB99CB0F09}.Development Editor|Win64.Build.0 = Development|Any CPU
		{C9C5D15A-7110-3CE3-91EF-EDBB99CB0F09}.Development|Win64.ActiveCfg = Development|Any CPU
		{C9C5D15A-7110-3CE3-91EF-EDBB99CB0F09}.Development|Win64.Build.0 = Development|Any CPU
		{C9C5D15A-7110-3CE3-91EF-EDBB99CB0F09}.Shipping|Win64.ActiveCfg = Development|Any CPU
		{C9C5D15A-7110-3CE3-91EF-EDBB99CB0F09}.Shipping|Win64.Build.0 = Development|Any CPU
		{5B99BDCF-92A5-3D09-84D1-B4995D840B23}.DebugGame Editor|Win64.ActiveCfg = Development|Any CPU
		{5B99BDCF-92A5-3D09-84D1-B4995D840B23}.DebugGame Editor|Win64.Build.0 = Development|Any CPU
		{5B99BDCF-92A5-3D09-84D1-B4995D840B23}.DebugGame|Win64.ActiveCfg = Development|Any CPU
		{5B99BDCF-92A5-3D09-84D1-B4995D840B23}.DebugGame|Win64.Build.0 = Development|Any CPU
		{5B99BDCF-92A5-3D09-84D1-B4995D840B23}.Development Editor|Win64.ActiveCfg = Development|Any CPU
		{5B99BDCF-92A5-3D09-84D1-B4995D840B23}.Development Editor|Win64.Build.0 = Development|Any CPU
		{5B99BDCF-92A5-3D09-84D1-B4995D840B23}.Development|Win64.ActiveCfg = Development|Any CPU
		{5B99BDCF-92A5-3D09-84D1-B4995D840B23}.Development|Win64.Build.0 = Development|Any CPU
		{5B99BDCF-92A5-3D09-84D1-B4995D840B23}.Shipping|Win64.ActiveCfg = Development|Any CPU
		{5B99BDCF-92A5-3D09-84D1-B4995D840B23}.Shipping|Win64.Build.0 = Development|Any CPU
		{469988F8-7799-3DDE-BE09-7399E63A0B0B}.DebugGame Editor|Win64.ActiveCfg = Development|Any CPU
		{469988F8-7799-3DDE-BE09-7399E63A0B0B}.DebugGame Editor|Win64.Build.0 = Development|Any CPU
		{469988F8-7799-3DDE-BE09-7399E63A0B0B}.DebugGame|Win64.ActiveCfg = Development|Any CPU
		{469988F8-7799-3DDE-BE09-7399E63A0B0B}.DebugGame|Win64.Build.0 = Development|Any CPU
		{469988F8-7799-3DDE-BE09-7399E63A0B0B}.Development Editor|Win64.ActiveCfg = Development|Any CPU
		{469988F8-7799-3DDE-BE09-7399E63A0B0B}.Development Editor|Win64.Build.0 = Development|Any CPU
		{469988F8-7799-3DDE-BE09-7399E63A0B0B}.Development|Win64.ActiveCfg = Development|Any CPU
		{469988F8-7799-3DDE-BE09-7399E63A0B0B}.Development|Win64.Build.0 = Development|Any CPU
		{469988F8-7799-3DDE-BE09-7399E63A0B0B}.Shipping|Win64.ActiveCfg = Development|Any CPU
		{469988F8-7799-3DDE-BE09-7399E63A0B0B}.Shipping|Win64.Build.0 = Development|Any CPU
		{908A71A7-7D12-38A1-944E-FAD5291AB759}.DebugGame Editor|Win64.ActiveCfg = Development|Any CPU
		{908A71A7-7D12-38A1-944E-FAD5291AB759}.DebugGame Editor|Win64.Build.0 = Development|Any CPU
		{908A71A7-7D12-38A1-944E-FAD5291AB759}.DebugGame|Win64.ActiveCfg = Development|Any CPU
		{908A71A7-7D12-38A1-944E-FAD5291AB759}.DebugGame|Win64.Build.0 = Development|Any CPU
		{908A71A7-7D12-38A1-944E-FAD5291AB759}.Development Editor|Win64.ActiveCfg = Development|Any CPU
		{908A71A7-7D12-38A1-944E-FAD5291AB759}.Development Editor|Win64.Build.0 = Development|Any CPU
		{908A71A7-7D12-38A1-944E-FAD5291AB759}.Development|Win64.ActiveCfg = Development|Any CPU
		{908A71A7-7D12-38A1-944E-FAD5291AB759}.Development|Win64.Build.0 = Development|Any CPU
		{908A71A7-7D12-38A1-944E-FAD5291AB759}.Shipping|Win64.ActiveCfg = Development|Any CPU
		{908A71A7-7D12-38A1-944E-FAD5291AB759}.Shipping|Win64.Build.0 = Development|Any CPU
		{3F7852FF-57FB-39AC-8FE1-CA22376003DD}.DebugGame Editor|Win64.ActiveCfg = Development|Any CPU
		{3F7852FF-57FB-39AC-8FE1-CA22376003DD}.DebugGame Editor|Win64.Build.0 = Development|Any CPU
		{3F7852FF-57FB-39AC-8FE1-CA22376003DD}.DebugGame|Win64.ActiveCfg = Development|Any CPU
		{3F7852FF-57FB-39AC-8FE1-CA22376003DD}.DebugGame|Win64.Build.0 = Development|Any CPU
		{3F7852FF-57FB-39AC-8FE1-CA22376003DD}.Development Editor|Win64.ActiveCfg = Development|Any CPU
		{3F7852FF-57FB-39AC-8FE1-CA22376003DD}.Development Editor|Win64.Build.0 = Development|Any CPU
		{3F7852FF-57FB-39AC-8FE1-CA22376003DD}.Development|Win64.ActiveCfg = Development|Any CPU
		{3F7852FF-57FB-39AC-8FE1-CA22376003DD}.Development|Win64.Build.0 = Development|Any CPU
		{3F7852FF-57FB-39AC-8FE1-CA22376003DD}.Shipping|Win64.ActiveCfg = Development|Any CPU
		{3F7852FF-57FB-39AC-8FE1-CA22376003DD}.Shipping|Win64.Build.0 = Development|Any CPU
		{E1CE2C43-96D6-36CF-908C-7F4E606C0D42}.DebugGame Editor|Win64.ActiveCfg = Development|Any CPU
		{E1CE2C43-96D6-36CF-908C-7F4E606C0D42}.DebugGame Editor|Win64.Build.0 = Development|Any CPU
		{E1CE2C43-96D6-36CF-908C-7F4E606C0D42}.DebugGame|Win64.ActiveCfg = Development|Any CPU
		{E1CE2C43-96D6-36CF-908C-7F4E606C0D42}.DebugGame|Win64.Build.0 = Development|Any CPU
		{E1CE2C43-96D6-36CF-908C-7F4E606C0D42}.Development Editor|Win64.ActiveCfg = Development|Any CPU
		{E1CE2C43-96D6-36CF-908C-7F4E606C0D42}.Development Editor|Win64.Build.0 = Development|Any CPU
		{E1CE2C43-96D6-36CF-908C-7F4E606C0D42}.Development|Win64.ActiveCfg = Development|Any CPU
		{E1CE2C43-96D6-36CF-908C-7F4E606C0D42}.Development|Win64.Build.0 = Development|Any CPU
		{E1CE2C43-96D6-36CF-908C-7F4E606C0D42}.Shipping|Win64.ActiveCfg = Development|Any CPU
		{E1CE2C43-96D6-36CF-908C-7F4E606C0D42}.Shipping|Win64.Build.0 = Development|Any CPU
		{D775EF9C-C177-3BDA-8A91-83F0810A2A5C}.DebugGame Editor|Win64.ActiveCfg = Development|Any CPU
		{D775EF9C-C177-3BDA-8A91-83F0810A2A5C}.DebugGame Editor|Win64.Build.0 = Development|Any CPU
		{D775EF9C-C177-3BDA-8A91-83F0810A2A5C}.DebugGame|Win64.ActiveCfg = Development|Any CPU
		{D775EF9C-C177-3BDA-8A91-83F0810A2A5C}.DebugGame|Win64.Build.0 = Development|Any CPU
		{D775EF9C-C177-3BDA-8A91-83F0810A2A5C}.Development Editor|Win64.ActiveCfg = Development|Any CPU
		{D775EF9C-C177-3BDA-8A91-83F0810A2A5C}.Development Editor|Win64.Build.0 = Development|Any CPU
		{D775EF9C-C177-3BDA-8A91-83F0810A2A5C}.Development|Win64.ActiveCfg = Development|Any CPU
		{D775EF9C-C177-3BDA-8A91-83F0810A2A5C}.Development|Win64.Build.0 = Development|Any CPU
		{D775EF9C-C177-3BDA-8A91-83F0810A2A5C}.Shipping|Win64.ActiveCfg = Development|Any CPU
		{D775EF9C-C177-3BDA-8A91-83F0810A2A5C}.Shipping|Win64.Build.0 = Development|Any CPU
		{1C9DC6A7-C874-3817-9DD9-AEC83E2D6E91}.DebugGame Editor|Win64.ActiveCfg = Development|Any CPU
		{1C9DC6A7-C874-3817-9DD9-AEC83E2D6E91}.DebugGame Editor|Win64.Build.0 = Development|Any CPU
		{1C9DC6A7-C874-3817-9DD9-AEC83E2D6E91}.DebugGame|Win64.ActiveCfg = Development|Any CPU
		{1C9DC6A7-C874-3817-9DD9-AEC83E2D6E91}.DebugGame|Win64.Build.0 = Development|Any CPU
		{1C9DC6A7-C874-3817-9DD9-AEC83E2D6E91}.Development Editor|Win64.ActiveCfg = Development|Any CPU
		{1C9DC6A7-C874-3817-9DD9-AEC83E2D6E91}.Development Editor|Win64.Build.0 = Development|Any CPU
		{1C9DC6A7-C874-3817-9DD9-AEC83E2D6E91}.Development|Win64.ActiveCfg = Development|Any CPU
		{1C9DC6A7-C874-3817-9DD9-AEC83E2D6E91}.Development|Win64.Build.0 = Development|Any CPU
		{1C9DC6A7-C874-3817-9DD9-AEC83E2D6E91}.Shipping|Win64.ActiveCfg = Development|Any CPU
		{1C9DC6A7-C874-3817-9DD9-AEC83E2D6E91}.Shipping|Win64.Build.0 = Development|Any CPU
		{D59D6E17-105A-3A9D-854E-BB750D75F150}.DebugGame Editor|Win64.ActiveCfg = Development|Any CPU
		{D59D6E17-105A-3A9D-854E-BB750D75F150}.DebugGame Editor|Win64.Build.0 = Development|Any CPU
		{D59D6E17-105A-3A9D-854E-BB750D75F150}.DebugGame|Win64.ActiveCfg = Development|Any CPU
		{D59D6E17-105A-3A9D-854E-BB750D75F150}.DebugGame|Win64.Build.0 = Development|Any CPU
		{D59D6E17-105A-3A9D-854E-BB750D75F150}.Development Editor|Win64.ActiveCfg = Development|Any CPU
		{D59D6E17-105A-3A9D-854E-BB750D75F150}.Development Editor|Win64.Build.0 = Development|Any CPU
		{D59D6E17-105A-3A9D-854E-BB750D75F150}.Development|Win64.ActiveCfg = Development|Any CPU
		{D59D6E17-105A-3A9D-854E-BB750D75F150}.Development|Win64.Build.0 = Development|Any CPU
		{D59D6E17-105A-3A9D-854E-BB750D75F150}.Shipping|Win64.ActiveCfg = Development|Any CPU
		{D59D6E17-105A-3A9D-854E-BB750D75F150}.Shipping|Win64.Build.0 = Development|Any CPU
		{E650B8E0-0AFB-3DB2-B20F-F4FABDF65631}.DebugGame Editor|Win64.ActiveCfg = Development|Any CPU
		{E650B8E0-0AFB-3DB2-B20F-F4FABDF65631}.DebugGame Editor|Win64.Build.0 = Development|Any CPU
		{E650B8E0-0AFB-3DB2-B20F-F4FABDF65631}.DebugGame|Win64.ActiveCfg = Development|Any CPU
		{E650B8E0-0AFB-3DB2-B20F-F4FABDF65631}.DebugGame|Win64.Build.0 = Development|Any CPU
		{E650B8E0-0AFB-3DB2-B20F-F4FABDF65631}.Development Editor|Win64.ActiveCfg = Development|Any CPU
		{E650B8E0-0AFB-3DB2-B20F-F4FABDF65631}.Development Editor|Win64.Build.0 = Development|Any CPU
		{E650B8E0-0AFB-3DB2-B20F-F4FABDF65631}.Development|Win64.ActiveCfg = Development|Any CPU
		{E650B8E0-0AFB-3DB2-B20F-F4FABDF65631}.Development|Win64.Build.0 = Development|Any CPU
		{E650B8E0-0AFB-3DB2-B20F-F4FABDF65631}.Shipping|Win64.ActiveCfg = Development|Any CPU
		{E650B8E0-0AFB-3DB2-B20F-F4FABDF65631}.Shipping|Win64.Build.0 = Development|Any CPU
	EndGlobalSection
	GlobalSection(SolutionProperties) = preSolution
		HideSolutionNode = FALSE
	EndGlobalSection
	GlobalSection(NestedProjects) = preSolution
		{38463D8F-522C-3909-A933-93804F863E48} = {233774A8-CC9D-3FA9-86D1-90573E92B704}
		{BEEF2A4E-DF50-335A-8BF0-3BF24076EF46} = {DE1F8B53-6C02-3C13-9101-A7C8D96F3FF6}
		{17E6F387-71F0-355D-88F8-1072CA7F1231} = {A338B9E2-A559-34BE-A46D-F789DD488FAD}
		{F0CD2F3F-3BFB-39A4-B268-46CAF1A0BEC3} = {A338B9E2-A559-34BE-A46D-F789DD488FAD}
		{0BFBE63A-B98A-3411-8EEB-8918FEC737B3} = {A338B9E2-A559-34BE-A46D-F789DD488FAD}
		{7B5CFB44-F0FB-31DF-AE62-C3C096A29A7B} = {A338B9E2-A559-34BE-A46D-F789DD488FAD}
		{57713676-9DBE-331C-AD10-26632AC9EE0C} = {A338B9E2-A559-34BE-A46D-F789DD488FAD}
		{49DCF492-AD3E-37E1-AE8D-8D5A32D49AFA} = {0BFBE63A-B98A-3411-8EEB-8918FEC737B3}
		{F6334296-6488-3675-B09F-29E5A197FDB1} = {0BFBE63A-B98A-3411-8EEB-8918FEC737B3}
		{F9696E96-7CC6-3ABA-828A-1129A13D62C2} = {0BFBE63A-B98A-3411-8EEB-8918FEC737B3}
		{228A09D2-972A-3D9C-972C-81A1F6BF9086} = {0BFBE63A-B98A-3411-8EEB-8918FEC737B3}
		{D0C72B25-9C93-3AB9-BCDD-33027BB0C462} = {0BFBE63A-B98A-3411-8EEB-8918FEC737B3}
		{CBD945D2-A4BC-313D-A16E-2FEF8E171FD3} = {0BFBE63A-B98A-3411-8EEB-8918FEC737B3}
		{45F3FB24-4F7D-32A9-B985-0B12438218C2} = {0BFBE63A-B98A-3411-8EEB-8918FEC737B3}
		{75D04D25-C864-336A-8DFC-C9EB4AAC58EF} = {0BFBE63A-B98A-3411-8EEB-8918FEC737B3}
		{00AB1E68-F622-3AD5-AF43-2FD186440A60} = {0BFBE63A-B98A-3411-8EEB-8918FEC737B3}
		{E418CC8F-5FE8-3F51-9C20-9594FE745810} = {0BFBE63A-B98A-3411-8EEB-8918FEC737B3}
		{22A50255-8DEE-39AA-ACB0-34D15BB4ABCB} = {0BFBE63A-B98A-3411-8EEB-8918FEC737B3}
		{1815F547-B49E-33A2-A469-8788F4ACAF50} = {0BFBE63A-B98A-3411-8EEB-8918FEC737B3}
		{F75B36AD-AB0F-39C2-892C-F0A088EE5FED} = {0BFBE63A-B98A-3411-8EEB-8918FEC737B3}
		{4C511CA2-A00D-3938-AB5F-85266E06D21C} = {0BFBE63A-B98A-3411-8EEB-8918FEC737B3}
		{3CDC9688-BC2D-3C85-890E-E42CC8964DF3} = {0BFBE63A-B98A-3411-8EEB-8918FEC737B3}
		{4B9308E5-AD14-3636-8080-EE103A6F39C2} = {0BFBE63A-B98A-3411-8EEB-8918FEC737B3}
		{D9090B9D-6510-3581-8C85-E5F84FD585D1} = {0BFBE63A-B98A-3411-8EEB-8918FEC737B3}
		{886E9F55-2603-3FC6-AB80-4172BBC033EB} = {0BFBE63A-B98A-3411-8EEB-8918FEC737B3}
		{931F7209-263B-313A-B260-3906107E9CE5} = {0BFBE63A-B98A-3411-8EEB-8918FEC737B3}
		{110ECF6A-B21F-35DD-A7F2-AE668DA611F4} = {0BFBE63A-B98A-3411-8EEB-8918FEC737B3}
		{FB82215D-8C14-3A00-B435-3E26EF2C386D} = {7B5CFB44-F0FB-31DF-AE62-C3C096A29A7B}
		{21EC9403-94C1-3AD1-9D8F-6FEFBFA87489} = {57713676-9DBE-331C-AD10-26632AC9EE0C}
		{DD57475C-499D-3DF8-90AE-432E1FC03F02} = {57713676-9DBE-331C-AD10-26632AC9EE0C}
		{2B4D22F7-74FD-3F71-B3CF-389C02FA04F5} = {57713676-9DBE-331C-AD10-26632AC9EE0C}
		{CB3AFC8C-46C7-3852-B002-7D8FCAB5DF21} = {57713676-9DBE-331C-AD10-26632AC9EE0C}
		{0E0A4563-8EAE-3097-9CE9-047FA82EBA5B} = {57713676-9DBE-331C-AD10-26632AC9EE0C}
		{B6D1F6AF-1052-3B75-873A-A2B64061FE9D} = {57713676-9DBE-331C-AD10-26632AC9EE0C}
		{21D572CF-D48B-3B75-9007-F4BE43698E82} = {57713676-9DBE-331C-AD10-26632AC9EE0C}
		{94CD8318-61C9-3FB2-95A2-637AE78D210B} = {57713676-9DBE-331C-AD10-26632AC9EE0C}
		{FF392C76-DC1E-3E7A-AE18-F2656F7ACC4F} = {57713676-9DBE-331C-AD10-26632AC9EE0C}
		{273617CE-1719-3ECF-A55D-3CB748C16414} = {57713676-9DBE-331C-AD10-26632AC9EE0C}
		{9718FF90-20B5-3419-A8D0-41107606DCA4} = {57713676-9DBE-331C-AD10-26632AC9EE0C}
		{829E5A0D-5EBB-370E-AD8B-F029AA4C8C98} = {57713676-9DBE-331C-AD10-26632AC9EE0C}
		{96BB9541-7643-3893-B959-AB36B8FD9355} = {57713676-9DBE-331C-AD10-26632AC9EE0C}
		{8DD4F490-9A63-3CB9-99AF-392C02F027E9} = {57713676-9DBE-331C-AD10-26632AC9EE0C}
		{C9C5D15A-7110-3CE3-91EF-EDBB99CB0F09} = {57713676-9DBE-331C-AD10-26632AC9EE0C}
		{5B99BDCF-92A5-3D09-84D1-B4995D840B23} = {57713676-9DBE-331C-AD10-26632AC9EE0C}
		{469988F8-7799-3DDE-BE09-7399E63A0B0B} = {57713676-9DBE-331C-AD10-26632AC9EE0C}
		{908A71A7-7D12-38A1-944E-FAD5291AB759} = {57713676-9DBE-331C-AD10-26632AC9EE0C}
		{3F7852FF-57FB-39AC-8FE1-CA22376003DD} = {57713676-9DBE-331C-AD10-26632AC9EE0C}
		{E1CE2C43-96D6-36CF-908C-7F4E606C0D42} = {57713676-9DBE-331C-AD10-26632AC9EE0C}
		{D775EF9C-C177-3BDA-8A91-83F0810A2A5C} = {C2F57ECE-B26F-39D8-BDA7-C1D40BD8F180}
		{1C9DC6A7-C874-3817-9DD9-AEC83E2D6E91} = {C2F57ECE-B26F-39D8-BDA7-C1D40BD8F180}
		{D59D6E17-105A-3A9D-854E-BB750D75F150} = {C2F57ECE-B26F-39D8-BDA7-C1D40BD8F180}
		{E650B8E0-0AFB-3DB2-B20F-F4FABDF65631} = {C2F57ECE-B26F-39D8-BDA7-C1D40BD8F180}
	EndGlobalSection
EndGlobal
